// !$*UTF8*$!
{
	archiveVersion = 1;
	classes = {
	};
	objectVersion = 55;
	objects = {

/* Begin PBXBuildFile section */
		ACBAC6B62A8E4F34002E2A3B /* SwiftUIAvocadoRecipesApp.swift in Sources */ = {isa = PBXBuildFile; fileRef = ACBAC6B52A8E4F34002E2A3B /* SwiftUIAvocadoRecipesApp.swift */; };
		ACBAC6B82A8E4F34002E2A3B /* SplashView.swift in Sources */ = {isa = PBXBuildFile; fileRef = ACBAC6B72A8E4F34002E2A3B /* SplashView.swift */; };
		ACBAC6BD2A8E4F35002E2A3B /* Preview Assets.xcassets in Resources */ = {isa = PBXBuildFile; fileRef = ACBAC6BC2A8E4F35002E2A3B /* Preview Assets.xcassets */; };
		ACBAC6C62A8E5A54002E2A3B /* Assets.xcassets in Resources */ = {isa = PBXBuildFile; fileRef = ACBAC6C52A8E5A54002E2A3B /* Assets.xcassets */; };
		ACBAC6D92A8E653C002E2A3B /* TabBarView.swift in Sources */ = {isa = PBXBuildFile; fileRef = ACBAC6D82A8E653C002E2A3B /* TabBarView.swift */; };
		ACBAC6DC2A8E6596002E2A3B /* AvocadosView.swift in Sources */ = {isa = PBXBuildFile; fileRef = ACBAC6DB2A8E6596002E2A3B /* AvocadosView.swift */; };
		ACBAC6DF2A8E66B4002E2A3B /* AvocadoRecipesView.swift in Sources */ = {isa = PBXBuildFile; fileRef = ACBAC6DE2A8E66B4002E2A3B /* AvocadoRecipesView.swift */; };
		ACBAC6E22A8E66C4002E2A3B /* RipeningStagesView.swift in Sources */ = {isa = PBXBuildFile; fileRef = ACBAC6E12A8E66C4002E2A3B /* RipeningStagesView.swift */; };
		ACBAC6E52A8E66CF002E2A3B /* SettingsView.swift in Sources */ = {isa = PBXBuildFile; fileRef = ACBAC6E42A8E66CF002E2A3B /* SettingsView.swift */; };
		ACBAC6E82A8E681E002E2A3B /* Image + EXT.swift in Sources */ = {isa = PBXBuildFile; fileRef = ACBAC6E72A8E681E002E2A3B /* Image + EXT.swift */; };
		ACBAC6EA2A8E6A83002E2A3B /* Color + EXT.swift in Sources */ = {isa = PBXBuildFile; fileRef = ACBAC6E92A8E6A83002E2A3B /* Color + EXT.swift */; };
		ACBAC6ED2A8E7664002E2A3B /* HeaderView.swift in Sources */ = {isa = PBXBuildFile; fileRef = ACBAC6EC2A8E7664002E2A3B /* HeaderView.swift */; };
		ACBAC6EF2A8E7E90002E2A3B /* FooterView.swift in Sources */ = {isa = PBXBuildFile; fileRef = ACBAC6EE2A8E7E90002E2A3B /* FooterView.swift */; };
		ACBAC6F22A8E8068002E2A3B /* HeaderModel.swift in Sources */ = {isa = PBXBuildFile; fileRef = ACBAC6F12A8E8068002E2A3B /* HeaderModel.swift */; };
		ACBAC6F42A8E9348002E2A3B /* DishesView.swift in Sources */ = {isa = PBXBuildFile; fileRef = ACBAC6F32A8E9348002E2A3B /* DishesView.swift */; };
		ACBAC6F62A8E935C002E2A3B /* DishesModel.swift in Sources */ = {isa = PBXBuildFile; fileRef = ACBAC6F52A8E935C002E2A3B /* DishesModel.swift */; };
		ACBAC6FB2A8E9AB9002E2A3B /* ImageModifier.swift in Sources */ = {isa = PBXBuildFile; fileRef = ACBAC6FA2A8E9AB9002E2A3B /* ImageModifier.swift */; };
		ACBAC6FD2A8E9C2E002E2A3B /* TextModifier.swift in Sources */ = {isa = PBXBuildFile; fileRef = ACBAC6FC2A8E9C2E002E2A3B /* TextModifier.swift */; };
		ACBAC6FF2A8E9E74002E2A3B /* FactsView.swift in Sources */ = {isa = PBXBuildFile; fileRef = ACBAC6FE2A8E9E74002E2A3B /* FactsView.swift */; };
		ACBAC7012A8E9EA2002E2A3B /* FactModel.swift in Sources */ = {isa = PBXBuildFile; fileRef = ACBAC7002A8E9EA2002E2A3B /* FactModel.swift */; };
/* End PBXBuildFile section */

/* Begin PBXFileReference section */
		ACBAC6B22A8E4F34002E2A3B /* SwiftUIAvocadoRecipes.app */ = {isa = PBXFileReference; explicitFileType = wrapper.application; includeInIndex = 0; path = SwiftUIAvocadoRecipes.app; sourceTree = BUILT_PRODUCTS_DIR; };
		ACBAC6B52A8E4F34002E2A3B /* SwiftUIAvocadoRecipesApp.swift */ = {isa = PBXFileReference; lastKnownFileType = sourcecode.swift; path = SwiftUIAvocadoRecipesApp.swift; sourceTree = "<group>"; };
		ACBAC6B72A8E4F34002E2A3B /* SplashView.swift */ = {isa = PBXFileReference; lastKnownFileType = sourcecode.swift; path = SplashView.swift; sourceTree = "<group>"; };
		ACBAC6BC2A8E4F35002E2A3B /* Preview Assets.xcassets */ = {isa = PBXFileReference; lastKnownFileType = folder.assetcatalog; path = "Preview Assets.xcassets"; sourceTree = "<group>"; };
		ACBAC6C52A8E5A54002E2A3B /* Assets.xcassets */ = {isa = PBXFileReference; lastKnownFileType = folder.assetcatalog; path = Assets.xcassets; sourceTree = "<group>"; };
		ACBAC6C92A8E5C54002E2A3B /* Info.plist */ = {isa = PBXFileReference; lastKnownFileType = text.plist; path = Info.plist; sourceTree = "<group>"; };
		ACBAC6D82A8E653C002E2A3B /* TabBarView.swift */ = {isa = PBXFileReference; lastKnownFileType = sourcecode.swift; path = TabBarView.swift; sourceTree = "<group>"; };
		ACBAC6DB2A8E6596002E2A3B /* AvocadosView.swift */ = {isa = PBXFileReference; lastKnownFileType = sourcecode.swift; path = AvocadosView.swift; sourceTree = "<group>"; };
		ACBAC6DE2A8E66B4002E2A3B /* AvocadoRecipesView.swift */ = {isa = PBXFileReference; lastKnownFileType = sourcecode.swift; path = AvocadoRecipesView.swift; sourceTree = "<group>"; };
		ACBAC6E12A8E66C4002E2A3B /* RipeningStagesView.swift */ = {isa = PBXFileReference; lastKnownFileType = sourcecode.swift; path = RipeningStagesView.swift; sourceTree = "<group>"; };
		ACBAC6E42A8E66CF002E2A3B /* SettingsView.swift */ = {isa = PBXFileReference; lastKnownFileType = sourcecode.swift; path = SettingsView.swift; sourceTree = "<group>"; };
		ACBAC6E72A8E681E002E2A3B /* Image + EXT.swift */ = {isa = PBXFileReference; lastKnownFileType = sourcecode.swift; path = "Image + EXT.swift"; sourceTree = "<group>"; };
		ACBAC6E92A8E6A83002E2A3B /* Color + EXT.swift */ = {isa = PBXFileReference; lastKnownFileType = sourcecode.swift; path = "Color + EXT.swift"; sourceTree = "<group>"; };
		ACBAC6EC2A8E7664002E2A3B /* HeaderView.swift */ = {isa = PBXFileReference; lastKnownFileType = sourcecode.swift; path = HeaderView.swift; sourceTree = "<group>"; };
		ACBAC6EE2A8E7E90002E2A3B /* FooterView.swift */ = {isa = PBXFileReference; lastKnownFileType = sourcecode.swift; path = FooterView.swift; sourceTree = "<group>"; };
		ACBAC6F12A8E8068002E2A3B /* HeaderModel.swift */ = {isa = PBXFileReference; lastKnownFileType = sourcecode.swift; path = HeaderModel.swift; sourceTree = "<group>"; };
		ACBAC6F32A8E9348002E2A3B /* DishesView.swift */ = {isa = PBXFileReference; lastKnownFileType = sourcecode.swift; path = DishesView.swift; sourceTree = "<group>"; };
		ACBAC6F52A8E935C002E2A3B /* DishesModel.swift */ = {isa = PBXFileReference; lastKnownFileType = sourcecode.swift; path = DishesModel.swift; sourceTree = "<group>"; };
		ACBAC6FA2A8E9AB9002E2A3B /* ImageModifier.swift */ = {isa = PBXFileReference; lastKnownFileType = sourcecode.swift; path = ImageModifier.swift; sourceTree = "<group>"; };
		ACBAC6FC2A8E9C2E002E2A3B /* TextModifier.swift */ = {isa = PBXFileReference; lastKnownFileType = sourcecode.swift; path = TextModifier.swift; sourceTree = "<group>"; };
		ACBAC6FE2A8E9E74002E2A3B /* FactsView.swift */ = {isa = PBXFileReference; lastKnownFileType = sourcecode.swift; path = FactsView.swift; sourceTree = "<group>"; };
		ACBAC7002A8E9EA2002E2A3B /* FactModel.swift */ = {isa = PBXFileReference; lastKnownFileType = sourcecode.swift; path = FactModel.swift; sourceTree = "<group>"; };
/* End PBXFileReference section */

/* Begin PBXFrameworksBuildPhase section */
		ACBAC6AF2A8E4F34002E2A3B /* Frameworks */ = {
			isa = PBXFrameworksBuildPhase;
			buildActionMask = 2147483647;
			files = (
			);
			runOnlyForDeploymentPostprocessing = 0;
		};
/* End PBXFrameworksBuildPhase section */

/* Begin PBXGroup section */
		ACBAC6A92A8E4F34002E2A3B = {
			isa = PBXGroup;
			children = (
				ACBAC6B42A8E4F34002E2A3B /* SwiftUIAvocadoRecipes */,
				ACBAC6B32A8E4F34002E2A3B /* Products */,
			);
			sourceTree = "<group>";
		};
		ACBAC6B32A8E4F34002E2A3B /* Products */ = {
			isa = PBXGroup;
			children = (
				ACBAC6B22A8E4F34002E2A3B /* SwiftUIAvocadoRecipes.app */,
			);
			name = Products;
			sourceTree = "<group>";
		};
		ACBAC6B42A8E4F34002E2A3B /* SwiftUIAvocadoRecipes */ = {
			isa = PBXGroup;
			children = (
				ACBAC6B52A8E4F34002E2A3B /* SwiftUIAvocadoRecipesApp.swift */,
				ACBAC6E62A8E6814002E2A3B /* Extensions */,
				ACBAC6F92A8E9AA4002E2A3B /* Components */,
				ACBAC6F02A8E8055002E2A3B /* Models */,
				ACBAC6CC2A8E5D25002E2A3B /* Modules */,
				ACBAC6CA2A8E5CC6002E2A3B /* Resources */,
				ACBAC6C92A8E5C54002E2A3B /* Info.plist */,
				ACBAC6BB2A8E4F35002E2A3B /* Preview Content */,
			);
			path = SwiftUIAvocadoRecipes;
			sourceTree = "<group>";
		};
		ACBAC6BB2A8E4F35002E2A3B /* Preview Content */ = {
			isa = PBXGroup;
			children = (
				ACBAC6BC2A8E4F35002E2A3B /* Preview Assets.xcassets */,
			);
			path = "Preview Content";
			sourceTree = "<group>";
		};
		ACBAC6CA2A8E5CC6002E2A3B /* Resources */ = {
			isa = PBXGroup;
			children = (
				ACBAC6C52A8E5A54002E2A3B /* Assets.xcassets */,
			);
			path = Resources;
			sourceTree = "<group>";
		};
		ACBAC6CC2A8E5D25002E2A3B /* Modules */ = {
			isa = PBXGroup;
			children = (
				ACBAC6D52A8E650E002E2A3B /* Settings */,
				ACBAC6D42A8E64DB002E2A3B /* RipeningStages */,
				ACBAC6D22A8E64B6002E2A3B /* AvocadoRecipes */,
				ACBAC6D32A8E64C9002E2A3B /* Avocados */,
				ACBAC6D62A8E6521002E2A3B /* TabBarView */,
				ACBAC6CD2A8E5D31002E2A3B /* Splash */,
			);
			path = Modules;
			sourceTree = "<group>";
		};
		ACBAC6CD2A8E5D31002E2A3B /* Splash */ = {
			isa = PBXGroup;
			children = (
				ACBAC6B72A8E4F34002E2A3B /* SplashView.swift */,
			);
			path = Splash;
			sourceTree = "<group>";
		};
		ACBAC6D22A8E64B6002E2A3B /* AvocadoRecipes */ = {
			isa = PBXGroup;
			children = (
				ACBAC6DD2A8E66A6002E2A3B /* View */,
			);
			path = AvocadoRecipes;
			sourceTree = "<group>";
		};
		ACBAC6D32A8E64C9002E2A3B /* Avocados */ = {
			isa = PBXGroup;
			children = (
				ACBAC6DA2A8E658C002E2A3B /* View */,
			);
			path = Avocados;
			sourceTree = "<group>";
		};
		ACBAC6D42A8E64DB002E2A3B /* RipeningStages */ = {
			isa = PBXGroup;
			children = (
				ACBAC6E02A8E66B7002E2A3B /* View */,
			);
			path = RipeningStages;
			sourceTree = "<group>";
		};
		ACBAC6D52A8E650E002E2A3B /* Settings */ = {
			isa = PBXGroup;
			children = (
				ACBAC6E32A8E66C7002E2A3B /* View */,
			);
			path = Settings;
			sourceTree = "<group>";
		};
		ACBAC6D62A8E6521002E2A3B /* TabBarView */ = {
			isa = PBXGroup;
			children = (
				ACBAC6D72A8E6535002E2A3B /* View */,
			);
			path = TabBarView;
			sourceTree = "<group>";
		};
		ACBAC6D72A8E6535002E2A3B /* View */ = {
			isa = PBXGroup;
			children = (
				ACBAC6D82A8E653C002E2A3B /* TabBarView.swift */,
			);
			path = View;
			sourceTree = "<group>";
		};
		ACBAC6DA2A8E658C002E2A3B /* View */ = {
			isa = PBXGroup;
			children = (
				ACBAC6DB2A8E6596002E2A3B /* AvocadosView.swift */,
			);
			path = View;
			sourceTree = "<group>";
		};
		ACBAC6DD2A8E66A6002E2A3B /* View */ = {
			isa = PBXGroup;
			children = (
				ACBAC6DE2A8E66B4002E2A3B /* AvocadoRecipesView.swift */,
				ACBAC6FE2A8E9E74002E2A3B /* FactsView.swift */,
				ACBAC6EC2A8E7664002E2A3B /* HeaderView.swift */,
				ACBAC6F32A8E9348002E2A3B /* DishesView.swift */,
				ACBAC6EE2A8E7E90002E2A3B /* FooterView.swift */,
			);
			path = View;
			sourceTree = "<group>";
		};
		ACBAC6E02A8E66B7002E2A3B /* View */ = {
			isa = PBXGroup;
			children = (
				ACBAC6E12A8E66C4002E2A3B /* RipeningStagesView.swift */,
			);
			path = View;
			sourceTree = "<group>";
		};
		ACBAC6E32A8E66C7002E2A3B /* View */ = {
			isa = PBXGroup;
			children = (
				ACBAC6E42A8E66CF002E2A3B /* SettingsView.swift */,
			);
			path = View;
			sourceTree = "<group>";
		};
		ACBAC6E62A8E6814002E2A3B /* Extensions */ = {
			isa = PBXGroup;
			children = (
				ACBAC6E72A8E681E002E2A3B /* Image + EXT.swift */,
				ACBAC6E92A8E6A83002E2A3B /* Color + EXT.swift */,
			);
			path = Extensions;
			sourceTree = "<group>";
		};
		ACBAC6F02A8E8055002E2A3B /* Models */ = {
			isa = PBXGroup;
			children = (
				ACBAC6F12A8E8068002E2A3B /* HeaderModel.swift */,
				ACBAC6F52A8E935C002E2A3B /* DishesModel.swift */,
				ACBAC7002A8E9EA2002E2A3B /* FactModel.swift */,
			);
			path = Models;
			sourceTree = "<group>";
		};
		ACBAC6F92A8E9AA4002E2A3B /* Components */ = {
			isa = PBXGroup;
			children = (
				ACBAC6FA2A8E9AB9002E2A3B /* ImageModifier.swift */,
				ACBAC6FC2A8E9C2E002E2A3B /* TextModifier.swift */,
			);
			path = Components;
			sourceTree = "<group>";
		};
/* End PBXGroup section */

/* Begin PBXNativeTarget section */
		ACBAC6B12A8E4F34002E2A3B /* SwiftUIAvocadoRecipes */ = {
			isa = PBXNativeTarget;
			buildConfigurationList = ACBAC6C02A8E4F35002E2A3B /* Build configuration list for PBXNativeTarget "SwiftUIAvocadoRecipes" */;
			buildPhases = (
				ACBAC6AE2A8E4F34002E2A3B /* Sources */,
				ACBAC6AF2A8E4F34002E2A3B /* Frameworks */,
				ACBAC6B02A8E4F34002E2A3B /* Resources */,
			);
			buildRules = (
			);
			dependencies = (
			);
			name = SwiftUIAvocadoRecipes;
			productName = SwiftUIAvocadoRecipes;
			productReference = ACBAC6B22A8E4F34002E2A3B /* SwiftUIAvocadoRecipes.app */;
			productType = "com.apple.product-type.application";
		};
/* End PBXNativeTarget section */

/* Begin PBXProject section */
		ACBAC6AA2A8E4F34002E2A3B /* Project object */ = {
			isa = PBXProject;
			attributes = {
				BuildIndependentTargetsInParallel = 1;
				LastSwiftUpdateCheck = 1430;
				LastUpgradeCheck = 1430;
				TargetAttributes = {
					ACBAC6B12A8E4F34002E2A3B = {
						CreatedOnToolsVersion = 14.3;
					};
				};
			};
			buildConfigurationList = ACBAC6AD2A8E4F34002E2A3B /* Build configuration list for PBXProject "SwiftUIAvocadoRecipes" */;
			compatibilityVersion = "Xcode 13.0";
			developmentRegion = en;
			hasScannedForEncodings = 0;
			knownRegions = (
				en,
				Base,
			);
			mainGroup = ACBAC6A92A8E4F34002E2A3B;
			productRefGroup = ACBAC6B32A8E4F34002E2A3B /* Products */;
			projectDirPath = "";
			projectRoot = "";
			targets = (
				ACBAC6B12A8E4F34002E2A3B /* SwiftUIAvocadoRecipes */,
			);
		};
/* End PBXProject section */

/* Begin PBXResourcesBuildPhase section */
		ACBAC6B02A8E4F34002E2A3B /* Resources */ = {
			isa = PBXResourcesBuildPhase;
			buildActionMask = 2147483647;
			files = (
				ACBAC6C62A8E5A54002E2A3B /* Assets.xcassets in Resources */,
				ACBAC6BD2A8E4F35002E2A3B /* Preview Assets.xcassets in Resources */,
			);
			runOnlyForDeploymentPostprocessing = 0;
		};
/* End PBXResourcesBuildPhase section */

/* Begin PBXSourcesBuildPhase section */
		ACBAC6AE2A8E4F34002E2A3B /* Sources */ = {
			isa = PBXSourcesBuildPhase;
			buildActionMask = 2147483647;
			files = (
				ACBAC6E52A8E66CF002E2A3B /* SettingsView.swift in Sources */,
				ACBAC6FF2A8E9E74002E2A3B /* FactsView.swift in Sources */,
				ACBAC6FD2A8E9C2E002E2A3B /* TextModifier.swift in Sources */,
				ACBAC6F62A8E935C002E2A3B /* DishesModel.swift in Sources */,
				ACBAC6DC2A8E6596002E2A3B /* AvocadosView.swift in Sources */,
				ACBAC6D92A8E653C002E2A3B /* TabBarView.swift in Sources */,
				ACBAC6E82A8E681E002E2A3B /* Image + EXT.swift in Sources */,
				ACBAC6DF2A8E66B4002E2A3B /* AvocadoRecipesView.swift in Sources */,
				ACBAC6ED2A8E7664002E2A3B /* HeaderView.swift in Sources */,
				ACBAC7012A8E9EA2002E2A3B /* FactModel.swift in Sources */,
				ACBAC6EF2A8E7E90002E2A3B /* FooterView.swift in Sources */,
				ACBAC6B82A8E4F34002E2A3B /* SplashView.swift in Sources */,
				ACBAC6B62A8E4F34002E2A3B /* SwiftUIAvocadoRecipesApp.swift in Sources */,
				ACBAC6E22A8E66C4002E2A3B /* RipeningStagesView.swift in Sources */,
				ACBAC6FB2A8E9AB9002E2A3B /* ImageModifier.swift in Sources */,
				ACBAC6F22A8E8068002E2A3B /* HeaderModel.swift in Sources */,
				ACBAC6EA2A8E6A83002E2A3B /* Color + EXT.swift in Sources */,
				ACBAC6F42A8E9348002E2A3B /* DishesView.swift in Sources */,
			);
			runOnlyForDeploymentPostprocessing = 0;
		};
/* End PBXSourcesBuildPhase section */

/* Begin XCBuildConfiguration section */
		ACBAC6BE2A8E4F35002E2A3B /* Debug */ = {
			isa = XCBuildConfiguration;
			buildSettings = {
				ALWAYS_SEARCH_USER_PATHS = NO;
				CLANG_ANALYZER_NONNULL = YES;
				CLANG_ANALYZER_NUMBER_OBJECT_CONVERSION = YES_AGGRESSIVE;
				CLANG_CXX_LANGUAGE_STANDARD = "gnu++20";
				CLANG_ENABLE_MODULES = YES;
				CLANG_ENABLE_OBJC_ARC = YES;
				CLANG_ENABLE_OBJC_WEAK = YES;
				CLANG_WARN_BLOCK_CAPTURE_AUTORELEASING = YES;
				CLANG_WARN_BOOL_CONVERSION = YES;
				CLANG_WARN_COMMA = YES;
				CLANG_WARN_CONSTANT_CONVERSION = YES;
				CLANG_WARN_DEPRECATED_OBJC_IMPLEMENTATIONS = YES;
				CLANG_WARN_DIRECT_OBJC_ISA_USAGE = YES_ERROR;
				CLANG_WARN_DOCUMENTATION_COMMENTS = YES;
				CLANG_WARN_EMPTY_BODY = YES;
				CLANG_WARN_ENUM_CONVERSION = YES;
				CLANG_WARN_INFINITE_RECURSION = YES;
				CLANG_WARN_INT_CONVERSION = YES;
				CLANG_WARN_NON_LITERAL_NULL_CONVERSION = YES;
				CLANG_WARN_OBJC_IMPLICIT_RETAIN_SELF = YES;
				CLANG_WARN_OBJC_LITERAL_CONVERSION = YES;
				CLANG_WARN_OBJC_ROOT_CLASS = YES_ERROR;
				CLANG_WARN_QUOTED_INCLUDE_IN_FRAMEWORK_HEADER = YES;
				CLANG_WARN_RANGE_LOOP_ANALYSIS = YES;
				CLANG_WARN_STRICT_PROTOTYPES = YES;
				CLANG_WARN_SUSPICIOUS_MOVE = YES;
				CLANG_WARN_UNGUARDED_AVAILABILITY = YES_AGGRESSIVE;
				CLANG_WARN_UNREACHABLE_CODE = YES;
				CLANG_WARN__DUPLICATE_METHOD_MATCH = YES;
				COPY_PHASE_STRIP = NO;
				DEBUG_INFORMATION_FORMAT = dwarf;
				ENABLE_STRICT_OBJC_MSGSEND = YES;
				ENABLE_TESTABILITY = YES;
				GCC_C_LANGUAGE_STANDARD = gnu11;
				GCC_DYNAMIC_NO_PIC = NO;
				GCC_NO_COMMON_BLOCKS = YES;
				GCC_OPTIMIZATION_LEVEL = 0;
				GCC_PREPROCESSOR_DEFINITIONS = (
					"DEBUG=1",
					"$(inherited)",
				);
				GCC_WARN_64_TO_32_BIT_CONVERSION = YES;
				GCC_WARN_ABOUT_RETURN_TYPE = YES_ERROR;
				GCC_WARN_UNDECLARED_SELECTOR = YES;
				GCC_WARN_UNINITIALIZED_AUTOS = YES_AGGRESSIVE;
				GCC_WARN_UNUSED_FUNCTION = YES;
				GCC_WARN_UNUSED_VARIABLE = YES;
				IPHONEOS_DEPLOYMENT_TARGET = 14.0;
				MTL_ENABLE_DEBUG_INFO = INCLUDE_SOURCE;
				MTL_FAST_MATH = YES;
				ONLY_ACTIVE_ARCH = YES;
				SDKROOT = iphoneos;
				SWIFT_ACTIVE_COMPILATION_CONDITIONS = DEBUG;
				SWIFT_OPTIMIZATION_LEVEL = "-Onone";
			};
			name = Debug;
		};
		ACBAC6BF2A8E4F35002E2A3B /* Release */ = {
			isa = XCBuildConfiguration;
			buildSettings = {
				ALWAYS_SEARCH_USER_PATHS = NO;
				CLANG_ANALYZER_NONNULL = YES;
				CLANG_ANALYZER_NUMBER_OBJECT_CONVERSION = YES_AGGRESSIVE;
				CLANG_CXX_LANGUAGE_STANDARD = "gnu++20";
				CLANG_ENABLE_MODULES = YES;
				CLANG_ENABLE_OBJC_ARC = YES;
				CLANG_ENABLE_OBJC_WEAK = YES;
				CLANG_WARN_BLOCK_CAPTURE_AUTORELEASING = YES;
				CLANG_WARN_BOOL_CONVERSION = YES;
				CLANG_WARN_COMMA = YES;
				CLANG_WARN_CONSTANT_CONVERSION = YES;
				CLANG_WARN_DEPRECATED_OBJC_IMPLEMENTATIONS = YES;
				CLANG_WARN_DIRECT_OBJC_ISA_USAGE = YES_ERROR;
				CLANG_WARN_DOCUMENTATION_COMMENTS = YES;
				CLANG_WARN_EMPTY_BODY = YES;
				CLANG_WARN_ENUM_CONVERSION = YES;
				CLANG_WARN_INFINITE_RECURSION = YES;
				CLANG_WARN_INT_CONVERSION = YES;
				CLANG_WARN_NON_LITERAL_NULL_CONVERSION = YES;
				CLANG_WARN_OBJC_IMPLICIT_RETAIN_SELF = YES;
				CLANG_WARN_OBJC_LITERAL_CONVERSION = YES;
				CLANG_WARN_OBJC_ROOT_CLASS = YES_ERROR;
				CLANG_WARN_QUOTED_INCLUDE_IN_FRAMEWORK_HEADER = YES;
				CLANG_WARN_RANGE_LOOP_ANALYSIS = YES;
				CLANG_WARN_STRICT_PROTOTYPES = YES;
				CLANG_WARN_SUSPICIOUS_MOVE = YES;
				CLANG_WARN_UNGUARDED_AVAILABILITY = YES_AGGRESSIVE;
				CLANG_WARN_UNREACHABLE_CODE = YES;
				CLANG_WARN__DUPLICATE_METHOD_MATCH = YES;
				COPY_PHASE_STRIP = NO;
				DEBUG_INFORMATION_FORMAT = "dwarf-with-dsym";
				ENABLE_NS_ASSERTIONS = NO;
				ENABLE_STRICT_OBJC_MSGSEND = YES;
				GCC_C_LANGUAGE_STANDARD = gnu11;
				GCC_NO_COMMON_BLOCKS = YES;
				GCC_WARN_64_TO_32_BIT_CONVERSION = YES;
				GCC_WARN_ABOUT_RETURN_TYPE = YES_ERROR;
				GCC_WARN_UNDECLARED_SELECTOR = YES;
				GCC_WARN_UNINITIALIZED_AUTOS = YES_AGGRESSIVE;
				GCC_WARN_UNUSED_FUNCTION = YES;
				GCC_WARN_UNUSED_VARIABLE = YES;
				IPHONEOS_DEPLOYMENT_TARGET = 14.0;
				MTL_ENABLE_DEBUG_INFO = NO;
				MTL_FAST_MATH = YES;
				SDKROOT = iphoneos;
				SWIFT_COMPILATION_MODE = wholemodule;
				SWIFT_OPTIMIZATION_LEVEL = "-O";
				VALIDATE_PRODUCT = YES;
			};
			name = Release;
		};
		ACBAC6C12A8E4F35002E2A3B /* Debug */ = {
			isa = XCBuildConfiguration;
			buildSettings = {
				ASSETCATALOG_COMPILER_APPICON_NAME = AppIcon;
				ASSETCATALOG_COMPILER_GLOBAL_ACCENT_COLOR_NAME = AccentColor;
				CODE_SIGN_STYLE = Automatic;
				CURRENT_PROJECT_VERSION = 1;
				DEVELOPMENT_ASSET_PATHS = "\"SwiftUIAvocadoRecipes/Preview Content\"";
				DEVELOPMENT_TEAM = M4SYRBQBFW;
				ENABLE_PREVIEWS = YES;
				GENERATE_INFOPLIST_FILE = YES;
				INFOPLIST_FILE = SwiftUIAvocadoRecipes/Info.plist;
				INFOPLIST_KEY_UIApplicationSceneManifest_Generation = YES;
				INFOPLIST_KEY_UIApplicationSupportsIndirectInputEvents = YES;
				INFOPLIST_KEY_UILaunchStoryboardName = LaunchScreen.storyboard;
				INFOPLIST_KEY_UISupportedInterfaceOrientations = UIInterfaceOrientationPortrait;
				IPHONEOS_DEPLOYMENT_TARGET = 14.0;
				LD_RUNPATH_SEARCH_PATHS = (
					"$(inherited)",
					"@executable_path/Frameworks",
				);
				MARKETING_VERSION = 1.0;
				PRODUCT_BUNDLE_IDENTIFIER = com.AhmedAmin.SwiftUIAvocadoRecipes;
				PRODUCT_NAME = "$(TARGET_NAME)";
				SWIFT_EMIT_LOC_STRINGS = YES;
				SWIFT_VERSION = 5.0;
				TARGETED_DEVICE_FAMILY = "1,2";
			};
			name = Debug;
		};
		ACBAC6C22A8E4F35002E2A3B /* Release */ = {
			isa = XCBuildConfiguration;
			buildSettings = {
				ASSETCATALOG_COMPILER_APPICON_NAME = AppIcon;
				ASSETCATALOG_COMPILER_GLOBAL_ACCENT_COLOR_NAME = AccentColor;
				CODE_SIGN_STYLE = Automatic;
				CURRENT_PROJECT_VERSION = 1;
				DEVELOPMENT_ASSET_PATHS = "\"SwiftUIAvocadoRecipes/Preview Content\"";
				DEVELOPMENT_TEAM = M4SYRBQBFW;
				ENABLE_PREVIEWS = YES;
				GENERATE_INFOPLIST_FILE = YES;
				INFOPLIST_FILE = SwiftUIAvocadoRecipes/Info.plist;
				INFOPLIST_KEY_UIApplicationSceneManifest_Generation = YES;
				INFOPLIST_KEY_UIApplicationSupportsIndirectInputEvents = YES;
				INFOPLIST_KEY_UILaunchStoryboardName = LaunchScreen.storyboard;
				INFOPLIST_KEY_UISupportedInterfaceOrientations = UIInterfaceOrientationPortrait;
				IPHONEOS_DEPLOYMENT_TARGET = 14.0;
				LD_RUNPATH_SEARCH_PATHS = (
					"$(inherited)",
					"@executable_path/Frameworks",
				);
				MARKETING_VERSION = 1.0;
				PRODUCT_BUNDLE_IDENTIFIER = com.AhmedAmin.SwiftUIAvocadoRecipes;
				PRODUCT_NAME = "$(TARGET_NAME)";
				SWIFT_EMIT_LOC_STRINGS = YES;
				SWIFT_VERSION = 5.0;
				TARGETED_DEVICE_FAMILY = "1,2";
			};
			name = Release;
		};
/* End XCBuildConfiguration section */

/* Begin XCConfigurationList section */
		ACBAC6AD2A8E4F34002E2A3B /* Build configuration list for PBXProject "SwiftUIAvocadoRecipes" */ = {
			isa = XCConfigurationList;
			buildConfigurations = (
				ACBAC6BE2A8E4F35002E2A3B /* Debug */,
				ACBAC6BF2A8E4F35002E2A3B /* Release */,
			);
			defaultConfigurationIsVisible = 0;
			defaultConfigurationName = Release;
		};
		ACBAC6C02A8E4F35002E2A3B /* Build configuration list for PBXNativeTarget "SwiftUIAvocadoRecipes" */ = {
			isa = XCConfigurationList;
			buildConfigurations = (
				ACBAC6C12A8E4F35002E2A3B /* Debug */,
				ACBAC6C22A8E4F35002E2A3B /* Release */,
			);
			defaultConfigurationIsVisible = 0;
			defaultConfigurationName = Release;
		};
/* End XCConfigurationList section */
	};
	rootObject = ACBAC6AA2A8E4F34002E2A3B /* Project object */;
}
